{
  "name": "xbar-clockify",
  "version": "1.0.0",
  "lockfileVersion": 3,
  "requires": true,
  "packages": {
    "": {
      "name": "xbar-clockify",
      "version": "1.0.0",
      "license": "ISC",
      "dependencies": {
        "dotenv": "^16.4.5",
        "xbar": "^3.0.0"
      }
    },
    "node_modules/dotenv": {
      "version": "16.4.5",
      "resolved": "https://registry.npmjs.org/dotenv/-/dotenv-16.4.5.tgz",
      "integrity": "sha512-ZmdL2rui+eB2YwhsWzjInR8LldtZHGDoQ1ugH85ppHKwpUHL7j7rN0Ti9NCnGiQbhaZ11FpR+7ao1dNsmduNUg==",
      "engines": {
        "node": ">=12"
      },
      "funding": {
        "url": "https://dotenvx.com"
      }
    },
    "node_modules/xbar": {
      "version": "3.0.0",
      "resolved": "https://registry.npmjs.org/xbar/-/xbar-3.0.0.tgz",
      "integrity": "sha512-tuRVc0TKBQn5enzMw94JFsWiCCVy5igtKaGX7G8D/givl+FZrZpHy/GnHyDpa7f7zjp5urAXaTey1hNyrQg5Dg==",
      "engines": {
        "node": ">=18"
      },
      "funding": {
        "url": "https://github.com/sponsors/sindresorhus"
      }
    }
  }
}
